accelerate==1.13.0
    # via faqcluster-pipeline (pyproject.toml)
annotated-doc==0.0.4
    # via
    #   fastapi
    #   typer
annotated-types==0.7.0
    # via pydantic
anthropic==0.104.0
    # via faqcluster-pipeline (pyproject.toml)
anyio==4.13.0
    # via
    #   anthropic
    #   httpx
    #   starlette
    #   watchfiles
certifi==2026.5.20
    # via
    #   httpcore
    #   httpx
click==8.4.1
    # via
    #   typer
    #   uvicorn
cuda-bindings==13.2.0
    # via torch
cuda-pathfinder==1.5.4
    # via cuda-bindings
cuda-toolkit[cudart,cufft,cufile,cupti,curand,cusolver,cusparse,nvjitlink,nvrtc,nvtx]==13.0.2
    # via torch
distro==1.9.0
    # via anthropic
docstring-parser==0.18.0
    # via anthropic
fastapi==0.136.1
    # via faqcluster-pipeline (pyproject.toml)
filelock==3.29.0
    # via
    #   huggingface-hub
    #   torch
fsspec==2026.4.0
    # via
    #   huggingface-hub
    #   torch
h11==0.16.0
    # via
    #   httpcore
    #   uvicorn
hdbscan==0.8.43
    # via faqcluster-pipeline (pyproject.toml)
hf-xet==1.5.0
    # via huggingface-hub
httpcore==1.0.9
    # via httpx
httptools==0.7.1
    # via uvicorn
httpx==0.28.1
    # via
    #   anthropic
    #   huggingface-hub
huggingface-hub==1.16.1
    # via
    #   accelerate
    #   sentence-transformers
    #   tokenizers
    #   transformers
idna==3.16
    # via
    #   anyio
    #   httpx
jinja2==3.1.6
    # via torch
jiter==0.15.0
    # via anthropic
joblib==1.5.3
    # via
    #   hdbscan
    #   pynndescent
    #   scikit-learn
llvmlite==0.47.0
    # via
    #   numba
    #   pynndescent
markdown-it-py==4.2.0
    # via rich
markupsafe==3.0.3
    # via jinja2
mdurl==0.1.2
    # via markdown-it-py
mpmath==1.3.0
    # via sympy
networkx==3.6.1
    # via torch
numba==0.65.1
    # via
    #   pynndescent
    #   umap-learn
numpy==2.4.6
    # via
    #   accelerate
    #   faqcluster-pipeline (pyproject.toml)
    #   hdbscan
    #   numba
    #   pandas
    #   scikit-learn
    #   scipy
    #   sentence-transformers
    #   transformers
    #   umap-learn
nvidia-cublas==13.1.1.3
    # via
    #   nvidia-cudnn-cu13
    #   nvidia-cusolver
    #   torch
nvidia-cuda-cupti==13.0.85
    # via cuda-toolkit
nvidia-cuda-nvrtc==13.0.88
    # via
    #   cuda-toolkit
    #   nvidia-cublas
nvidia-cuda-runtime==13.0.96
    # via cuda-toolkit
nvidia-cudnn-cu13==9.20.0.48
    # via torch
nvidia-cufft==12.0.0.61
    # via cuda-toolkit
nvidia-cufile==1.15.1.6
    # via cuda-toolkit
nvidia-curand==10.4.0.35
    # via cuda-toolkit
nvidia-cusolver==12.0.4.66
    # via cuda-toolkit
nvidia-cusparse==12.6.3.3
    # via
    #   cuda-toolkit
    #   nvidia-cusolver
nvidia-cusparselt-cu13==0.8.1
    # via torch
nvidia-nccl-cu13==2.29.7
    # via torch
nvidia-nvjitlink==13.0.88
    # via
    #   cuda-toolkit
    #   nvidia-cufft
    #   nvidia-cusolver
    #   nvidia-cusparse
nvidia-nvshmem-cu13==3.4.5
    # via torch
nvidia-nvtx==13.0.85
    # via cuda-toolkit
packaging==26.2
    # via
    #   accelerate
    #   huggingface-hub
    #   transformers
pandas==3.0.3
    # via faqcluster-pipeline (pyproject.toml)
psutil==7.2.2
    # via accelerate
pydantic==2.13.4
    # via
    #   anthropic
    #   faqcluster-pipeline (pyproject.toml)
    #   fastapi
pydantic-core==2.46.4
    # via pydantic
pygments==2.20.0
    # via rich
pynndescent==0.6.0
    # via umap-learn
python-dateutil==2.9.0.post0
    # via pandas
python-dotenv==1.2.2
    # via uvicorn
python-multipart==0.0.29
    # via faqcluster-pipeline (pyproject.toml)
pyyaml==6.0.3
    # via
    #   accelerate
    #   faqcluster-pipeline (pyproject.toml)
    #   huggingface-hub
    #   transformers
    #   uvicorn
rapidfuzz==3.14.5
    # via faqcluster-pipeline (pyproject.toml)
requests==2.32.3
    # via faqcluster-pipeline (pyproject.toml)
charset-normalizer==3.4.2
    # via requests
urllib3==2.4.0
    # via requests
regex==2026.5.9
    # via transformers
rich==15.0.0
    # via typer
safetensors==0.7.0
    # via
    #   accelerate
    #   transformers
scikit-learn==1.8.0
    # via
    #   faqcluster-pipeline (pyproject.toml)
    #   hdbscan
    #   pynndescent
    #   sentence-transformers
    #   umap-learn
scipy==1.17.1
    # via
    #   faqcluster-pipeline (pyproject.toml)
    #   hdbscan
    #   pynndescent
    #   scikit-learn
    #   sentence-transformers
    #   umap-learn
sentence-transformers==5.5.1
    # via faqcluster-pipeline (pyproject.toml)
shellingham==1.5.4
    # via typer
six==1.17.0
    # via python-dateutil
sniffio==1.3.1
    # via anthropic
starlette==1.0.1
    # via fastapi
sympy==1.14.0
    # via torch
threadpoolctl==3.6.0
    # via scikit-learn
tokenizers==0.22.2
    # via transformers
torch==2.12.0
    # via
    #   accelerate
    #   sentence-transformers
tqdm==4.67.3
    # via
    #   faqcluster-pipeline (pyproject.toml)
    #   huggingface-hub
    #   sentence-transformers
    #   transformers
    #   umap-learn
transformers==5.9.0
    # via
    #   faqcluster-pipeline (pyproject.toml)
    #   sentence-transformers
triton==3.7.0
    # via torch
typer==0.25.1
    # via
    #   huggingface-hub
    #   transformers
typing-extensions==4.15.0
    # via
    #   anthropic
    #   anyio
    #   fastapi
    #   huggingface-hub
    #   pydantic
    #   pydantic-core
    #   sentence-transformers
    #   starlette
    #   torch
    #   typing-inspection
typing-inspection==0.4.2
    # via
    #   fastapi
    #   pydantic
umap-learn==0.5.12
    # via faqcluster-pipeline (pyproject.toml)
uvicorn[standard]==0.47.0
    # via faqcluster-pipeline (pyproject.toml)
uvloop==0.22.1
    # via uvicorn
watchfiles==1.2.0
    # via uvicorn
websockets==16.0
    # via uvicorn

# The following packages are considered to be unsafe in a requirements file:
# setuptools
